
Microsoft Visual Studio Solution File, Format Version 12.00
# Visual Studio Version 17
VisualStudioVersion = 17.12.35527.113
MinimumVisualStudioVersion = 10.0.40219.1
Project("{FAE04EC0-301F-11D3-BF4B-00C04F79EFBC}") = "Connected.Resources.Types.Model", "src\Connected.Resources.Types.Model\Connected.Resources.Types.Model.csproj", "{56DD18AD-E10B-4630-9EEA-986A848BE5EA}"
EndProject
Project("{FAE04EC0-301F-11D3-BF4B-00C04F79EFBC}") = "Connected.Resources", "src\Connected.Resources\Connected.Resources.csproj", "{1C9A0648-0150-49B4-B011-1B024D6B95BE}"
EndProject
Project("{FAE04EC0-301F-11D3-BF4B-00C04F79EFBC}") = "Connected.Resources.JobPositions", "src\Connected.Resources.JobPositions\Connected.Resources.JobPositions.csproj", "{E8E94FF4-DF84-4D9B-94C2-155443D3F3C2}"
EndProject
Project("{FAE04EC0-301F-11D3-BF4B-00C04F79EFBC}") = "Connected.Resources.NamedResources", "src\Connected.Resources.NamedResources\Connected.Resources.NamedResources.csproj", "{F8677F2E-676C-4FAE-BA35-38C76CFE3CC6}"
EndProject
Project("{FAE04EC0-301F-11D3-BF4B-00C04F79EFBC}") = "Connected.Resources.Extensions", "src\Connected.Resources.Extensions\Connected.Resources.Extensions.csproj", "{9386E8DA-CC4D-433B-8627-04A4274251A4}"
EndProject
Project("{FAE04EC0-301F-11D3-BF4B-00C04F79EFBC}") = "Connected.Resources.TimeLogs", "src\Connected.Resources.TimeLogs\Connected.Resources.TimeLogs.csproj", "{7898F696-4EC1-42C7-9656-AA78134E2AFE}"
EndProject
Project("{FAE04EC0-301F-11D3-BF4B-00C04F79EFBC}") = "Connected.Resources.TimeSheets", "src\Connected.Resources.TimeSheets\Connected.Resources.TimeSheets.csproj", "{1D7723EF-2FB2-48FD-8E5F-393AD6DB267A}"
EndProject
Project("{FAE04EC0-301F-11D3-BF4B-00C04F79EFBC}") = "Connected.Resources.WorkItems", "src\Connected.Resources.WorkItems\Connected.Resources.WorkItems.csproj", "{89828CE7-59FC-4E08-9124-1F374F7C7E00}"
EndProject
Project("{2150E333-8FDC-42A3-9474-1A3956D46DE8}") = "_Dependencies", "_Dependencies", "{02EA681E-C7D8-13C7-8484-4AC65E1B71E8}"
EndProject
Project("{FAE04EC0-301F-11D3-BF4B-00C04F79EFBC}") = "Connected.Resources.Utilization", "src\Connected.Resources.Utilization\Connected.Resources.Utilization.csproj", "{6773DEE0-0BAA-408C-8861-D22C5734F5B7}"
EndProject
Project("{FAE04EC0-301F-11D3-BF4B-00C04F79EFBC}") = "Connected.Resources.Model", "src\Connected.Resources.Model\Connected.Resources.Model.csproj", "{4753DA03-9A13-4F74-BC30-C1787CE4E7A5}"
EndProject
Project("{FAE04EC0-301F-11D3-BF4B-00C04F79EFBC}") = "Connected.Resources.Documents.Model", "src\Connected.Resources.Documents.Model\Connected.Resources.Documents.Model.csproj", "{A23D9E9F-4FAD-4704-98E2-B5D493299D8C}"
EndProject
Project("{FAE04EC0-301F-11D3-BF4B-00C04F79EFBC}") = "Connected.Resources.WorkSheets", "src\Connected.Resources.WorkSheets\Connected.Resources.WorkSheets.csproj", "{81AE4A92-3EFC-4D2C-B9C6-9D25DAAF49AB}"
EndProject
Project("{2150E333-8FDC-42A3-9474-1A3956D46DE8}") = "Models", "Models", "{E27D814A-4D89-4A56-8D02-F122BCDED2C0}"
EndProject
Project("{2150E333-8FDC-42A3-9474-1A3956D46DE8}") = "Agents", "Agents", "{6BDBCE3E-6A73-47D8-BA2D-5AE8EFAE1648}"
EndProject
Project("{FAE04EC0-301F-11D3-BF4B-00C04F79EFBC}") = "Connected.Resources.Effort", "src\Connected.Resources.Effort\Connected.Resources.Effort.csproj", "{0A3A73D8-B8CA-4A8D-983E-56C225AE5F82}"
EndProject
Project("{FAE04EC0-301F-11D3-BF4B-00C04F79EFBC}") = "Connected.Sdk", "..\Connected.Core\src\Connected.Sdk\Connected.Sdk.csproj", "{677BCFEC-B55D-E52D-8DB0-0969AB117483}"
EndProject
Project("{2150E333-8FDC-42A3-9474-1A3956D46DE8}") = "Services", "Services", "{7029969F-C6F0-43C9-8FE8-24E87D0F75E6}"
EndProject
Project("{2150E333-8FDC-42A3-9474-1A3956D46DE8}") = "Extensions", "Extensions", "{0EFA3109-18FD-404A-B6D4-E52412B4A256}"
EndProject
Project("{FAE04EC0-301F-11D3-BF4B-00C04F79EFBC}") = "Connected.Resources.ContactTypes", "src\Connected.Resources.ContactTypes\Connected.Resources.ContactTypes.csproj", "{18008AAB-59A9-44F3-90E9-1A7F496169E4}"
EndProject
Project("{FAE04EC0-301F-11D3-BF4B-00C04F79EFBC}") = "Connected.Resources.Sdk", "src\Connected.Resources.Sdk\Connected.Resources.Sdk.csproj", "{6A6DACEA-2E37-4212-B4F8-091B677DB67B}"
EndProject
Project("{FAE04EC0-301F-11D3-BF4B-00C04F79EFBC}") = "Connected.Resources.Runtime", "src\Connected.Resources.Runtime\Connected.Resources.Runtime.csproj", "{32628434-A047-4ADB-9EA3-A2C115E78F2B}"
EndProject
Project("{FAE04EC0-301F-11D3-BF4B-00C04F79EFBC}") = "Connected.Runtime", "..\Connected.Core\src\Connected.Runtime\Connected.Runtime.csproj", "{AF82CDF4-2279-5B20-D8E6-7980B0CBEB45}"
EndProject
Project("{FAE04EC0-301F-11D3-BF4B-00C04F79EFBC}") = "Connected.Resources.Utilization.Agent", "src\Connected.Resources.Utilization.Agent\Connected.Resources.Utilization.Agent.csproj", "{145E1A80-CB09-8678-9B07-DECEF1057F17}"
EndProject
Project("{FAE04EC0-301F-11D3-BF4B-00C04F79EFBC}") = "Connected.Resources.WorkItems.Agent", "src\Connected.Resources.WorkItems.Agent\Connected.Resources.WorkItems.Agent.csproj", "{9464022A-68D4-58FD-0219-52415BCE1B11}"
EndProject
Project("{FAE04EC0-301F-11D3-BF4B-00C04F79EFBC}") = "Connected.Resources.Persons", "src\Connected.Resources.Persons\Connected.Resources.Persons.csproj", "{ECA19788-F015-4A55-9FD8-42DD7EB71D30}"
EndProject
Project("{FAE04EC0-301F-11D3-BF4B-00C04F79EFBC}") = "Connected.Resources.Employees", "src\Connected.Resources.Employees\Connected.Resources.Employees.csproj", "{942E1C94-84A0-4614-8E15-1155BB004837}"
EndProject
Project("{FAE04EC0-301F-11D3-BF4B-00C04F79EFBC}") = "Connected.Common.Sdk", "..\Connected.Common\src\Connected.Common.Sdk\Connected.Common.Sdk.csproj", "{7C3C0114-6B45-1E0B-1FF6-2AA55CBC2B82}"
EndProject
Global
	GlobalSection(SolutionConfigurationPlatforms) = preSolution
		Debug|Any CPU = Debug|Any CPU
		Release|Any CPU = Release|Any CPU
	EndGlobalSection
	GlobalSection(ProjectConfigurationPlatforms) = postSolution
		{56DD18AD-E10B-4630-9EEA-986A848BE5EA}.Debug|Any CPU.ActiveCfg = Debug|Any CPU
		{56DD18AD-E10B-4630-9EEA-986A848BE5EA}.Debug|Any CPU.Build.0 = Debug|Any CPU
		{56DD18AD-E10B-4630-9EEA-986A848BE5EA}.Release|Any CPU.ActiveCfg = Release|Any CPU
		{56DD18AD-E10B-4630-9EEA-986A848BE5EA}.Release|Any CPU.Build.0 = Release|Any CPU
		{1C9A0648-0150-49B4-B011-1B024D6B95BE}.Debug|Any CPU.ActiveCfg = Debug|Any CPU
		{1C9A0648-0150-49B4-B011-1B024D6B95BE}.Debug|Any CPU.Build.0 = Debug|Any CPU
		{1C9A0648-0150-49B4-B011-1B024D6B95BE}.Release|Any CPU.ActiveCfg = Release|Any CPU
		{1C9A0648-0150-49B4-B011-1B024D6B95BE}.Release|Any CPU.Build.0 = Release|Any CPU
		{E8E94FF4-DF84-4D9B-94C2-155443D3F3C2}.Debug|Any CPU.ActiveCfg = Debug|Any CPU
		{E8E94FF4-DF84-4D9B-94C2-155443D3F3C2}.Debug|Any CPU.Build.0 = Debug|Any CPU
		{E8E94FF4-DF84-4D9B-94C2-155443D3F3C2}.Release|Any CPU.ActiveCfg = Release|Any CPU
		{E8E94FF4-DF84-4D9B-94C2-155443D3F3C2}.Release|Any CPU.Build.0 = Release|Any CPU
		{F8677F2E-676C-4FAE-BA35-38C76CFE3CC6}.Debug|Any CPU.ActiveCfg = Debug|Any CPU
		{F8677F2E-676C-4FAE-BA35-38C76CFE3CC6}.Debug|Any CPU.Build.0 = Debug|Any CPU
		{F8677F2E-676C-4FAE-BA35-38C76CFE3CC6}.Release|Any CPU.ActiveCfg = Release|Any CPU
		{F8677F2E-676C-4FAE-BA35-38C76CFE3CC6}.Release|Any CPU.Build.0 = Release|Any CPU
		{9386E8DA-CC4D-433B-8627-04A4274251A4}.Debug|Any CPU.ActiveCfg = Debug|Any CPU
		{9386E8DA-CC4D-433B-8627-04A4274251A4}.Debug|Any CPU.Build.0 = Debug|Any CPU
		{9386E8DA-CC4D-433B-8627-04A4274251A4}.Release|Any CPU.ActiveCfg = Release|Any CPU
		{9386E8DA-CC4D-433B-8627-04A4274251A4}.Release|Any CPU.Build.0 = Release|Any CPU
		{7898F696-4EC1-42C7-9656-AA78134E2AFE}.Debug|Any CPU.ActiveCfg = Debug|Any CPU
		{7898F696-4EC1-42C7-9656-AA78134E2AFE}.Debug|Any CPU.Build.0 = Debug|Any CPU
		{7898F696-4EC1-42C7-9656-AA78134E2AFE}.Release|Any CPU.ActiveCfg = Release|Any CPU
		{7898F696-4EC1-42C7-9656-AA78134E2AFE}.Release|Any CPU.Build.0 = Release|Any CPU
		{1D7723EF-2FB2-48FD-8E5F-393AD6DB267A}.Debug|Any CPU.ActiveCfg = Debug|Any CPU
		{1D7723EF-2FB2-48FD-8E5F-393AD6DB267A}.Debug|Any CPU.Build.0 = Debug|Any CPU
		{1D7723EF-2FB2-48FD-8E5F-393AD6DB267A}.Release|Any CPU.ActiveCfg = Release|Any CPU
		{1D7723EF-2FB2-48FD-8E5F-393AD6DB267A}.Release|Any CPU.Build.0 = Release|Any CPU
		{89828CE7-59FC-4E08-9124-1F374F7C7E00}.Debug|Any CPU.ActiveCfg = Debug|Any CPU
		{89828CE7-59FC-4E08-9124-1F374F7C7E00}.Debug|Any CPU.Build.0 = Debug|Any CPU
		{89828CE7-59FC-4E08-9124-1F374F7C7E00}.Release|Any CPU.ActiveCfg = Release|Any CPU
		{89828CE7-59FC-4E08-9124-1F374F7C7E00}.Release|Any CPU.Build.0 = Release|Any CPU
		{6773DEE0-0BAA-408C-8861-D22C5734F5B7}.Debug|Any CPU.ActiveCfg = Debug|Any CPU
		{6773DEE0-0BAA-408C-8861-D22C5734F5B7}.Debug|Any CPU.Build.0 = Debug|Any CPU
		{6773DEE0-0BAA-408C-8861-D22C5734F5B7}.Release|Any CPU.ActiveCfg = Release|Any CPU
		{6773DEE0-0BAA-408C-8861-D22C5734F5B7}.Release|Any CPU.Build.0 = Release|Any CPU
		{4753DA03-9A13-4F74-BC30-C1787CE4E7A5}.Debug|Any CPU.ActiveCfg = Debug|Any CPU
		{4753DA03-9A13-4F74-BC30-C1787CE4E7A5}.Debug|Any CPU.Build.0 = Debug|Any CPU
		{4753DA03-9A13-4F74-BC30-C1787CE4E7A5}.Release|Any CPU.ActiveCfg = Release|Any CPU
		{4753DA03-9A13-4F74-BC30-C1787CE4E7A5}.Release|Any CPU.Build.0 = Release|Any CPU
		{A23D9E9F-4FAD-4704-98E2-B5D493299D8C}.Debug|Any CPU.ActiveCfg = Debug|Any CPU
		{A23D9E9F-4FAD-4704-98E2-B5D493299D8C}.Debug|Any CPU.Build.0 = Debug|Any CPU
		{A23D9E9F-4FAD-4704-98E2-B5D493299D8C}.Release|Any CPU.ActiveCfg = Release|Any CPU
		{A23D9E9F-4FAD-4704-98E2-B5D493299D8C}.Release|Any CPU.Build.0 = Release|Any CPU
		{81AE4A92-3EFC-4D2C-B9C6-9D25DAAF49AB}.Debug|Any CPU.ActiveCfg = Debug|Any CPU
		{81AE4A92-3EFC-4D2C-B9C6-9D25DAAF49AB}.Debug|Any CPU.Build.0 = Debug|Any CPU
		{81AE4A92-3EFC-4D2C-B9C6-9D25DAAF49AB}.Release|Any CPU.ActiveCfg = Release|Any CPU
		{81AE4A92-3EFC-4D2C-B9C6-9D25DAAF49AB}.Release|Any CPU.Build.0 = Release|Any CPU
		{0A3A73D8-B8CA-4A8D-983E-56C225AE5F82}.Debug|Any CPU.ActiveCfg = Debug|Any CPU
		{0A3A73D8-B8CA-4A8D-983E-56C225AE5F82}.Debug|Any CPU.Build.0 = Debug|Any CPU
		{0A3A73D8-B8CA-4A8D-983E-56C225AE5F82}.Release|Any CPU.ActiveCfg = Release|Any CPU
		{0A3A73D8-B8CA-4A8D-983E-56C225AE5F82}.Release|Any CPU.Build.0 = Release|Any CPU
		{677BCFEC-B55D-E52D-8DB0-0969AB117483}.Debug|Any CPU.ActiveCfg = Debug|Any CPU
		{677BCFEC-B55D-E52D-8DB0-0969AB117483}.Debug|Any CPU.Build.0 = Debug|Any CPU
		{677BCFEC-B55D-E52D-8DB0-0969AB117483}.Release|Any CPU.ActiveCfg = Release|Any CPU
		{677BCFEC-B55D-E52D-8DB0-0969AB117483}.Release|Any CPU.Build.0 = Release|Any CPU
		{18008AAB-59A9-44F3-90E9-1A7F496169E4}.Debug|Any CPU.ActiveCfg = Debug|Any CPU
		{18008AAB-59A9-44F3-90E9-1A7F496169E4}.Debug|Any CPU.Build.0 = Debug|Any CPU
		{18008AAB-59A9-44F3-90E9-1A7F496169E4}.Release|Any CPU.ActiveCfg = Release|Any CPU
		{18008AAB-59A9-44F3-90E9-1A7F496169E4}.Release|Any CPU.Build.0 = Release|Any CPU
		{6A6DACEA-2E37-4212-B4F8-091B677DB67B}.Debug|Any CPU.ActiveCfg = Debug|Any CPU
		{6A6DACEA-2E37-4212-B4F8-091B677DB67B}.Debug|Any CPU.Build.0 = Debug|Any CPU
		{6A6DACEA-2E37-4212-B4F8-091B677DB67B}.Release|Any CPU.ActiveCfg = Release|Any CPU
		{6A6DACEA-2E37-4212-B4F8-091B677DB67B}.Release|Any CPU.Build.0 = Release|Any CPU
		{32628434-A047-4ADB-9EA3-A2C115E78F2B}.Debug|Any CPU.ActiveCfg = Debug|Any CPU
		{32628434-A047-4ADB-9EA3-A2C115E78F2B}.Debug|Any CPU.Build.0 = Debug|Any CPU
		{32628434-A047-4ADB-9EA3-A2C115E78F2B}.Release|Any CPU.ActiveCfg = Release|Any CPU
		{32628434-A047-4ADB-9EA3-A2C115E78F2B}.Release|Any CPU.Build.0 = Release|Any CPU
		{AF82CDF4-2279-5B20-D8E6-7980B0CBEB45}.Debug|Any CPU.ActiveCfg = Debug|Any CPU
		{AF82CDF4-2279-5B20-D8E6-7980B0CBEB45}.Debug|Any CPU.Build.0 = Debug|Any CPU
		{AF82CDF4-2279-5B20-D8E6-7980B0CBEB45}.Release|Any CPU.ActiveCfg = Release|Any CPU
		{AF82CDF4-2279-5B20-D8E6-7980B0CBEB45}.Release|Any CPU.Build.0 = Release|Any CPU
		{145E1A80-CB09-8678-9B07-DECEF1057F17}.Debug|Any CPU.ActiveCfg = Debug|Any CPU
		{145E1A80-CB09-8678-9B07-DECEF1057F17}.Debug|Any CPU.Build.0 = Debug|Any CPU
		{145E1A80-CB09-8678-9B07-DECEF1057F17}.Release|Any CPU.ActiveCfg = Release|Any CPU
		{145E1A80-CB09-8678-9B07-DECEF1057F17}.Release|Any CPU.Build.0 = Release|Any CPU
		{9464022A-68D4-58FD-0219-52415BCE1B11}.Debug|Any CPU.ActiveCfg = Debug|Any CPU
		{9464022A-68D4-58FD-0219-52415BCE1B11}.Debug|Any CPU.Build.0 = Debug|Any CPU
		{9464022A-68D4-58FD-0219-52415BCE1B11}.Release|Any CPU.ActiveCfg = Release|Any CPU
		{9464022A-68D4-58FD-0219-52415BCE1B11}.Release|Any CPU.Build.0 = Release|Any CPU
		{ECA19788-F015-4A55-9FD8-42DD7EB71D30}.Debug|Any CPU.ActiveCfg = Debug|Any CPU
		{ECA19788-F015-4A55-9FD8-42DD7EB71D30}.Debug|Any CPU.Build.0 = Debug|Any CPU
		{ECA19788-F015-4A55-9FD8-42DD7EB71D30}.Release|Any CPU.ActiveCfg = Release|Any CPU
		{ECA19788-F015-4A55-9FD8-42DD7EB71D30}.Release|Any CPU.Build.0 = Release|Any CPU
		{942E1C94-84A0-4614-8E15-1155BB004837}.Debug|Any CPU.ActiveCfg = Debug|Any CPU
		{942E1C94-84A0-4614-8E15-1155BB004837}.Debug|Any CPU.Build.0 = Debug|Any CPU
		{942E1C94-84A0-4614-8E15-1155BB004837}.Release|Any CPU.ActiveCfg = Release|Any CPU
		{942E1C94-84A0-4614-8E15-1155BB004837}.Release|Any CPU.Build.0 = Release|Any CPU
		{7C3C0114-6B45-1E0B-1FF6-2AA55CBC2B82}.Debug|Any CPU.ActiveCfg = Debug|Any CPU
		{7C3C0114-6B45-1E0B-1FF6-2AA55CBC2B82}.Debug|Any CPU.Build.0 = Debug|Any CPU
		{7C3C0114-6B45-1E0B-1FF6-2AA55CBC2B82}.Release|Any CPU.ActiveCfg = Release|Any CPU
		{7C3C0114-6B45-1E0B-1FF6-2AA55CBC2B82}.Release|Any CPU.Build.0 = Release|Any CPU
	EndGlobalSection
	GlobalSection(SolutionProperties) = preSolution
		HideSolutionNode = FALSE
	EndGlobalSection
	GlobalSection(NestedProjects) = preSolution
		{56DD18AD-E10B-4630-9EEA-986A848BE5EA} = {E27D814A-4D89-4A56-8D02-F122BCDED2C0}
		{1C9A0648-0150-49B4-B011-1B024D6B95BE} = {7029969F-C6F0-43C9-8FE8-24E87D0F75E6}
		{E8E94FF4-DF84-4D9B-94C2-155443D3F3C2} = {7029969F-C6F0-43C9-8FE8-24E87D0F75E6}
		{F8677F2E-676C-4FAE-BA35-38C76CFE3CC6} = {7029969F-C6F0-43C9-8FE8-24E87D0F75E6}
		{9386E8DA-CC4D-433B-8627-04A4274251A4} = {0EFA3109-18FD-404A-B6D4-E52412B4A256}
		{7898F696-4EC1-42C7-9656-AA78134E2AFE} = {7029969F-C6F0-43C9-8FE8-24E87D0F75E6}
		{1D7723EF-2FB2-48FD-8E5F-393AD6DB267A} = {7029969F-C6F0-43C9-8FE8-24E87D0F75E6}
		{89828CE7-59FC-4E08-9124-1F374F7C7E00} = {7029969F-C6F0-43C9-8FE8-24E87D0F75E6}
		{6773DEE0-0BAA-408C-8861-D22C5734F5B7} = {7029969F-C6F0-43C9-8FE8-24E87D0F75E6}
		{4753DA03-9A13-4F74-BC30-C1787CE4E7A5} = {E27D814A-4D89-4A56-8D02-F122BCDED2C0}
		{A23D9E9F-4FAD-4704-98E2-B5D493299D8C} = {E27D814A-4D89-4A56-8D02-F122BCDED2C0}
		{81AE4A92-3EFC-4D2C-B9C6-9D25DAAF49AB} = {7029969F-C6F0-43C9-8FE8-24E87D0F75E6}
		{0A3A73D8-B8CA-4A8D-983E-56C225AE5F82} = {7029969F-C6F0-43C9-8FE8-24E87D0F75E6}
		{677BCFEC-B55D-E52D-8DB0-0969AB117483} = {02EA681E-C7D8-13C7-8484-4AC65E1B71E8}
		{18008AAB-59A9-44F3-90E9-1A7F496169E4} = {7029969F-C6F0-43C9-8FE8-24E87D0F75E6}
		{AF82CDF4-2279-5B20-D8E6-7980B0CBEB45} = {02EA681E-C7D8-13C7-8484-4AC65E1B71E8}
		{145E1A80-CB09-8678-9B07-DECEF1057F17} = {6BDBCE3E-6A73-47D8-BA2D-5AE8EFAE1648}
		{9464022A-68D4-58FD-0219-52415BCE1B11} = {6BDBCE3E-6A73-47D8-BA2D-5AE8EFAE1648}
		{ECA19788-F015-4A55-9FD8-42DD7EB71D30} = {7029969F-C6F0-43C9-8FE8-24E87D0F75E6}
		{942E1C94-84A0-4614-8E15-1155BB004837} = {7029969F-C6F0-43C9-8FE8-24E87D0F75E6}
		{7C3C0114-6B45-1E0B-1FF6-2AA55CBC2B82} = {02EA681E-C7D8-13C7-8484-4AC65E1B71E8}
	EndGlobalSection
	GlobalSection(ExtensibilityGlobals) = postSolution
		SolutionGuid = {2B57DD60-9CBD-4DA7-BBA4-1562AEF476E3}
	EndGlobalSection
EndGlobal
