
Microsoft Visual Studio Solution File, Format Version 12.00
# Visual Studio Version 17
VisualStudioVersion = 17.12.35527.113
MinimumVisualStudioVersion = 10.0.40219.1
Project("{FAE04EC0-301F-11D3-BF4B-00C04F79EFBC}") = "Connected.Resources.Types.Model", "src\Connected.Resources.Types.Model\Connected.Resources.Types.Model.csproj", "{56DD18AD-E10B-4630-9EEA-986A848BE5EA}"
EndProject
Project("{FAE04EC0-301F-11D3-BF4B-00C04F79EFBC}") = "Connected.Resources", "src\Connected.Resources\Connected.Resources.csproj", "{1C9A0648-0150-49B4-B011-1B024D6B95BE}"
EndProject
Project("{FAE04EC0-301F-11D3-BF4B-00C04F79EFBC}") = "Connected.Resources.JobPositions", "src\Connected.Resources.JobPositions\Connected.Resources.JobPositions.csproj", "{E8E94FF4-DF84-4D9B-94C2-155443D3F3C2}"
EndProject
Project("{FAE04EC0-301F-11D3-BF4B-00C04F79EFBC}") = "Connected.Resources.NamedResources", "src\Connected.Resources.NamedResources\Connected.Resources.NamedResources.csproj", "{F8677F2E-676C-4FAE-BA35-38C76CFE3CC6}"
EndProject
Project("{FAE04EC0-301F-11D3-BF4B-00C04F79EFBC}") = "Connected.Resources.Extensions", "src\Connected.Resources.Extensions\Connected.Resources.Extensions.csproj", "{9386E8DA-CC4D-433B-8627-04A4274251A4}"
EndProject
Global
	GlobalSection(SolutionConfigurationPlatforms) = preSolution
		Debug|Any CPU = Debug|Any CPU
		Release|Any CPU = Release|Any CPU
	EndGlobalSection
	GlobalSection(ProjectConfigurationPlatforms) = postSolution
		{56DD18AD-E10B-4630-9EEA-986A848BE5EA}.Debug|Any CPU.ActiveCfg = Debug|Any CPU
		{56DD18AD-E10B-4630-9EEA-986A848BE5EA}.Debug|Any CPU.Build.0 = Debug|Any CPU
		{56DD18AD-E10B-4630-9EEA-986A848BE5EA}.Release|Any CPU.ActiveCfg = Release|Any CPU
		{56DD18AD-E10B-4630-9EEA-986A848BE5EA}.Release|Any CPU.Build.0 = Release|Any CPU
		{1C9A0648-0150-49B4-B011-1B024D6B95BE}.Debug|Any CPU.ActiveCfg = Debug|Any CPU
		{1C9A0648-0150-49B4-B011-1B024D6B95BE}.Debug|Any CPU.Build.0 = Debug|Any CPU
		{1C9A0648-0150-49B4-B011-1B024D6B95BE}.Release|Any CPU.ActiveCfg = Release|Any CPU
		{1C9A0648-0150-49B4-B011-1B024D6B95BE}.Release|Any CPU.Build.0 = Release|Any CPU
		{E8E94FF4-DF84-4D9B-94C2-155443D3F3C2}.Debug|Any CPU.ActiveCfg = Debug|Any CPU
		{E8E94FF4-DF84-4D9B-94C2-155443D3F3C2}.Debug|Any CPU.Build.0 = Debug|Any CPU
		{E8E94FF4-DF84-4D9B-94C2-155443D3F3C2}.Release|Any CPU.ActiveCfg = Release|Any CPU
		{E8E94FF4-DF84-4D9B-94C2-155443D3F3C2}.Release|Any CPU.Build.0 = Release|Any CPU
		{F8677F2E-676C-4FAE-BA35-38C76CFE3CC6}.Debug|Any CPU.ActiveCfg = Debug|Any CPU
		{F8677F2E-676C-4FAE-BA35-38C76CFE3CC6}.Debug|Any CPU.Build.0 = Debug|Any CPU
		{F8677F2E-676C-4FAE-BA35-38C76CFE3CC6}.Release|Any CPU.ActiveCfg = Release|Any CPU
		{F8677F2E-676C-4FAE-BA35-38C76CFE3CC6}.Release|Any CPU.Build.0 = Release|Any CPU
		{9386E8DA-CC4D-433B-8627-04A4274251A4}.Debug|Any CPU.ActiveCfg = Debug|Any CPU
		{9386E8DA-CC4D-433B-8627-04A4274251A4}.Debug|Any CPU.Build.0 = Debug|Any CPU
		{9386E8DA-CC4D-433B-8627-04A4274251A4}.Release|Any CPU.ActiveCfg = Release|Any CPU
		{9386E8DA-CC4D-433B-8627-04A4274251A4}.Release|Any CPU.Build.0 = Release|Any CPU
	EndGlobalSection
	GlobalSection(SolutionProperties) = preSolution
		HideSolutionNode = FALSE
	EndGlobalSection
EndGlobal
