
Microsoft Visual Studio Solution File, Format Version 12.00
# Visual Studio Version 17
VisualStudioVersion = 17.12.35527.113
MinimumVisualStudioVersion = 10.0.40219.1
Project("{FAE04EC0-301F-11D3-BF4B-00C04F79EFBC}") = "Connected.Resources.Types.Model", "src\Connected.Resources.Types.Model\Connected.Resources.Types.Model.csproj", "{56DD18AD-E10B-4630-9EEA-986A848BE5EA}"
EndProject
Project("{FAE04EC0-301F-11D3-BF4B-00C04F79EFBC}") = "Connected.Resources", "src\Connected.Resources\Connected.Resources.csproj", "{1C9A0648-0150-49B4-B011-1B024D6B95BE}"
EndProject
Project("{FAE04EC0-301F-11D3-BF4B-00C04F79EFBC}") = "Connected.Resources.JobPositions", "src\Connected.Resources.JobPositions\Connected.Resources.JobPositions.csproj", "{E8E94FF4-DF84-4D9B-94C2-155443D3F3C2}"
EndProject
Project("{FAE04EC0-301F-11D3-BF4B-00C04F79EFBC}") = "Connected.Resources.NamedResources", "src\Connected.Resources.NamedResources\Connected.Resources.NamedResources.csproj", "{F8677F2E-676C-4FAE-BA35-38C76CFE3CC6}"
EndProject
Project("{FAE04EC0-301F-11D3-BF4B-00C04F79EFBC}") = "Connected.Resources.Extensions", "src\Connected.Resources.Extensions\Connected.Resources.Extensions.csproj", "{9386E8DA-CC4D-433B-8627-04A4274251A4}"
EndProject
Project("{FAE04EC0-301F-11D3-BF4B-00C04F79EFBC}") = "Connected.Resources.TimeLogs", "src\Connected.Resources.TimeLogs\Connected.Resources.TimeLogs.csproj", "{7898F696-4EC1-42C7-9656-AA78134E2AFE}"
EndProject
Project("{FAE04EC0-301F-11D3-BF4B-00C04F79EFBC}") = "Connected.Resources.TimeSheets", "src\Connected.Resources.TimeSheets\Connected.Resources.TimeSheets.csproj", "{1D7723EF-2FB2-48FD-8E5F-393AD6DB267A}"
EndProject
Project("{FAE04EC0-301F-11D3-BF4B-00C04F79EFBC}") = "Connected.Resources.WorkItems", "src\Connected.Resources.WorkItems\Connected.Resources.WorkItems.csproj", "{89828CE7-59FC-4E08-9124-1F374F7C7E00}"
EndProject
Project("{FAE04EC0-301F-11D3-BF4B-00C04F79EFBC}") = "Connected.Resources.WorkItems.Process", "src\Connected.Resources.WorkItems.Process\Connected.Resources.WorkItems.Process.csproj", "{ED7BC85C-A0BA-494F-8690-EFE19781B20A}"
EndProject
Project("{2150E333-8FDC-42A3-9474-1A3956D46DE8}") = "Dependencies", "Dependencies", "{02EA681E-C7D8-13C7-8484-4AC65E1B71E8}"
EndProject
Project("{FAE04EC0-301F-11D3-BF4B-00C04F79EFBC}") = "Connected.Core.Collections.Extensions", "..\Connected.Core\src\Connected.Core.Collections.Extensions\Connected.Core.Collections.Extensions.csproj", "{79A15CAB-E4F6-0F72-1A6A-E37D1FBBB4F8}"
EndProject
Project("{FAE04EC0-301F-11D3-BF4B-00C04F79EFBC}") = "Connected.Resources.Utilization", "src\Connected.Resources.Utilization\Connected.Resources.Utilization.csproj", "{6773DEE0-0BAA-408C-8861-D22C5734F5B7}"
EndProject
Project("{FAE04EC0-301F-11D3-BF4B-00C04F79EFBC}") = "Connected.Resources.Utilization.Process", "src\Connected.Resources.Utilization.Process\Connected.Resources.Utilization.Process.csproj", "{134C3811-E59D-4363-83FC-DF3003CAD2DC}"
EndProject
Project("{FAE04EC0-301F-11D3-BF4B-00C04F79EFBC}") = "Connected.Resources.Model", "src\Connected.Resources.Model\Connected.Resources.Model.csproj", "{4753DA03-9A13-4F74-BC30-C1787CE4E7A5}"
EndProject
Project("{FAE04EC0-301F-11D3-BF4B-00C04F79EFBC}") = "Connected.Resources.Documents.Model", "src\Connected.Resources.Documents.Model\Connected.Resources.Documents.Model.csproj", "{A23D9E9F-4FAD-4704-98E2-B5D493299D8C}"
EndProject
Project("{FAE04EC0-301F-11D3-BF4B-00C04F79EFBC}") = "Connected.Resources.WorkSheets", "src\Connected.Resources.WorkSheets\Connected.Resources.WorkSheets.csproj", "{81AE4A92-3EFC-4D2C-B9C6-9D25DAAF49AB}"
EndProject
Project("{2150E333-8FDC-42A3-9474-1A3956D46DE8}") = "Models", "Models", "{E27D814A-4D89-4A56-8D02-F122BCDED2C0}"
EndProject
Project("{2150E333-8FDC-42A3-9474-1A3956D46DE8}") = "Processes", "Processes", "{6BDBCE3E-6A73-47D8-BA2D-5AE8EFAE1648}"
EndProject
Project("{FAE04EC0-301F-11D3-BF4B-00C04F79EFBC}") = "Connected.Resources.Effort", "src\Connected.Resources.Effort\Connected.Resources.Effort.csproj", "{0A3A73D8-B8CA-4A8D-983E-56C225AE5F82}"
EndProject
Project("{FAE04EC0-301F-11D3-BF4B-00C04F79EFBC}") = "Connected.Sdk", "..\Connected.Core\src\Connected.Sdk\Connected.Sdk.csproj", "{677BCFEC-B55D-E52D-8DB0-0969AB117483}"
EndProject
Global
	GlobalSection(SolutionConfigurationPlatforms) = preSolution
		Debug|Any CPU = Debug|Any CPU
		Release|Any CPU = Release|Any CPU
	EndGlobalSection
	GlobalSection(ProjectConfigurationPlatforms) = postSolution
		{56DD18AD-E10B-4630-9EEA-986A848BE5EA}.Debug|Any CPU.ActiveCfg = Debug|Any CPU
		{56DD18AD-E10B-4630-9EEA-986A848BE5EA}.Debug|Any CPU.Build.0 = Debug|Any CPU
		{56DD18AD-E10B-4630-9EEA-986A848BE5EA}.Release|Any CPU.ActiveCfg = Release|Any CPU
		{56DD18AD-E10B-4630-9EEA-986A848BE5EA}.Release|Any CPU.Build.0 = Release|Any CPU
		{1C9A0648-0150-49B4-B011-1B024D6B95BE}.Debug|Any CPU.ActiveCfg = Debug|Any CPU
		{1C9A0648-0150-49B4-B011-1B024D6B95BE}.Debug|Any CPU.Build.0 = Debug|Any CPU
		{1C9A0648-0150-49B4-B011-1B024D6B95BE}.Release|Any CPU.ActiveCfg = Release|Any CPU
		{1C9A0648-0150-49B4-B011-1B024D6B95BE}.Release|Any CPU.Build.0 = Release|Any CPU
		{E8E94FF4-DF84-4D9B-94C2-155443D3F3C2}.Debug|Any CPU.ActiveCfg = Debug|Any CPU
		{E8E94FF4-DF84-4D9B-94C2-155443D3F3C2}.Debug|Any CPU.Build.0 = Debug|Any CPU
		{E8E94FF4-DF84-4D9B-94C2-155443D3F3C2}.Release|Any CPU.ActiveCfg = Release|Any CPU
		{E8E94FF4-DF84-4D9B-94C2-155443D3F3C2}.Release|Any CPU.Build.0 = Release|Any CPU
		{F8677F2E-676C-4FAE-BA35-38C76CFE3CC6}.Debug|Any CPU.ActiveCfg = Debug|Any CPU
		{F8677F2E-676C-4FAE-BA35-38C76CFE3CC6}.Debug|Any CPU.Build.0 = Debug|Any CPU
		{F8677F2E-676C-4FAE-BA35-38C76CFE3CC6}.Release|Any CPU.ActiveCfg = Release|Any CPU
		{F8677F2E-676C-4FAE-BA35-38C76CFE3CC6}.Release|Any CPU.Build.0 = Release|Any CPU
		{9386E8DA-CC4D-433B-8627-04A4274251A4}.Debug|Any CPU.ActiveCfg = Debug|Any CPU
		{9386E8DA-CC4D-433B-8627-04A4274251A4}.Debug|Any CPU.Build.0 = Debug|Any CPU
		{9386E8DA-CC4D-433B-8627-04A4274251A4}.Release|Any CPU.ActiveCfg = Release|Any CPU
		{9386E8DA-CC4D-433B-8627-04A4274251A4}.Release|Any CPU.Build.0 = Release|Any CPU
		{7898F696-4EC1-42C7-9656-AA78134E2AFE}.Debug|Any CPU.ActiveCfg = Debug|Any CPU
		{7898F696-4EC1-42C7-9656-AA78134E2AFE}.Debug|Any CPU.Build.0 = Debug|Any CPU
		{7898F696-4EC1-42C7-9656-AA78134E2AFE}.Release|Any CPU.ActiveCfg = Release|Any CPU
		{7898F696-4EC1-42C7-9656-AA78134E2AFE}.Release|Any CPU.Build.0 = Release|Any CPU
		{1D7723EF-2FB2-48FD-8E5F-393AD6DB267A}.Debug|Any CPU.ActiveCfg = Debug|Any CPU
		{1D7723EF-2FB2-48FD-8E5F-393AD6DB267A}.Debug|Any CPU.Build.0 = Debug|Any CPU
		{1D7723EF-2FB2-48FD-8E5F-393AD6DB267A}.Release|Any CPU.ActiveCfg = Release|Any CPU
		{1D7723EF-2FB2-48FD-8E5F-393AD6DB267A}.Release|Any CPU.Build.0 = Release|Any CPU
		{89828CE7-59FC-4E08-9124-1F374F7C7E00}.Debug|Any CPU.ActiveCfg = Debug|Any CPU
		{89828CE7-59FC-4E08-9124-1F374F7C7E00}.Debug|Any CPU.Build.0 = Debug|Any CPU
		{89828CE7-59FC-4E08-9124-1F374F7C7E00}.Release|Any CPU.ActiveCfg = Release|Any CPU
		{89828CE7-59FC-4E08-9124-1F374F7C7E00}.Release|Any CPU.Build.0 = Release|Any CPU
		{ED7BC85C-A0BA-494F-8690-EFE19781B20A}.Debug|Any CPU.ActiveCfg = Debug|Any CPU
		{ED7BC85C-A0BA-494F-8690-EFE19781B20A}.Debug|Any CPU.Build.0 = Debug|Any CPU
		{ED7BC85C-A0BA-494F-8690-EFE19781B20A}.Release|Any CPU.ActiveCfg = Release|Any CPU
		{ED7BC85C-A0BA-494F-8690-EFE19781B20A}.Release|Any CPU.Build.0 = Release|Any CPU
		{79A15CAB-E4F6-0F72-1A6A-E37D1FBBB4F8}.Debug|Any CPU.ActiveCfg = Debug|Any CPU
		{79A15CAB-E4F6-0F72-1A6A-E37D1FBBB4F8}.Debug|Any CPU.Build.0 = Debug|Any CPU
		{79A15CAB-E4F6-0F72-1A6A-E37D1FBBB4F8}.Release|Any CPU.ActiveCfg = Release|Any CPU
		{79A15CAB-E4F6-0F72-1A6A-E37D1FBBB4F8}.Release|Any CPU.Build.0 = Release|Any CPU
		{6773DEE0-0BAA-408C-8861-D22C5734F5B7}.Debug|Any CPU.ActiveCfg = Debug|Any CPU
		{6773DEE0-0BAA-408C-8861-D22C5734F5B7}.Debug|Any CPU.Build.0 = Debug|Any CPU
		{6773DEE0-0BAA-408C-8861-D22C5734F5B7}.Release|Any CPU.ActiveCfg = Release|Any CPU
		{6773DEE0-0BAA-408C-8861-D22C5734F5B7}.Release|Any CPU.Build.0 = Release|Any CPU
		{134C3811-E59D-4363-83FC-DF3003CAD2DC}.Debug|Any CPU.ActiveCfg = Debug|Any CPU
		{134C3811-E59D-4363-83FC-DF3003CAD2DC}.Debug|Any CPU.Build.0 = Debug|Any CPU
		{134C3811-E59D-4363-83FC-DF3003CAD2DC}.Release|Any CPU.ActiveCfg = Release|Any CPU
		{134C3811-E59D-4363-83FC-DF3003CAD2DC}.Release|Any CPU.Build.0 = Release|Any CPU
		{4753DA03-9A13-4F74-BC30-C1787CE4E7A5}.Debug|Any CPU.ActiveCfg = Debug|Any CPU
		{4753DA03-9A13-4F74-BC30-C1787CE4E7A5}.Debug|Any CPU.Build.0 = Debug|Any CPU
		{4753DA03-9A13-4F74-BC30-C1787CE4E7A5}.Release|Any CPU.ActiveCfg = Release|Any CPU
		{4753DA03-9A13-4F74-BC30-C1787CE4E7A5}.Release|Any CPU.Build.0 = Release|Any CPU
		{A23D9E9F-4FAD-4704-98E2-B5D493299D8C}.Debug|Any CPU.ActiveCfg = Debug|Any CPU
		{A23D9E9F-4FAD-4704-98E2-B5D493299D8C}.Debug|Any CPU.Build.0 = Debug|Any CPU
		{A23D9E9F-4FAD-4704-98E2-B5D493299D8C}.Release|Any CPU.ActiveCfg = Release|Any CPU
		{A23D9E9F-4FAD-4704-98E2-B5D493299D8C}.Release|Any CPU.Build.0 = Release|Any CPU
		{81AE4A92-3EFC-4D2C-B9C6-9D25DAAF49AB}.Debug|Any CPU.ActiveCfg = Debug|Any CPU
		{81AE4A92-3EFC-4D2C-B9C6-9D25DAAF49AB}.Debug|Any CPU.Build.0 = Debug|Any CPU
		{81AE4A92-3EFC-4D2C-B9C6-9D25DAAF49AB}.Release|Any CPU.ActiveCfg = Release|Any CPU
		{81AE4A92-3EFC-4D2C-B9C6-9D25DAAF49AB}.Release|Any CPU.Build.0 = Release|Any CPU
		{0A3A73D8-B8CA-4A8D-983E-56C225AE5F82}.Debug|Any CPU.ActiveCfg = Debug|Any CPU
		{0A3A73D8-B8CA-4A8D-983E-56C225AE5F82}.Debug|Any CPU.Build.0 = Debug|Any CPU
		{0A3A73D8-B8CA-4A8D-983E-56C225AE5F82}.Release|Any CPU.ActiveCfg = Release|Any CPU
		{0A3A73D8-B8CA-4A8D-983E-56C225AE5F82}.Release|Any CPU.Build.0 = Release|Any CPU
		{677BCFEC-B55D-E52D-8DB0-0969AB117483}.Debug|Any CPU.ActiveCfg = Debug|Any CPU
		{677BCFEC-B55D-E52D-8DB0-0969AB117483}.Debug|Any CPU.Build.0 = Debug|Any CPU
		{677BCFEC-B55D-E52D-8DB0-0969AB117483}.Release|Any CPU.ActiveCfg = Release|Any CPU
		{677BCFEC-B55D-E52D-8DB0-0969AB117483}.Release|Any CPU.Build.0 = Release|Any CPU
	EndGlobalSection
	GlobalSection(SolutionProperties) = preSolution
		HideSolutionNode = FALSE
	EndGlobalSection
	GlobalSection(NestedProjects) = preSolution
		{56DD18AD-E10B-4630-9EEA-986A848BE5EA} = {E27D814A-4D89-4A56-8D02-F122BCDED2C0}
		{ED7BC85C-A0BA-494F-8690-EFE19781B20A} = {6BDBCE3E-6A73-47D8-BA2D-5AE8EFAE1648}
		{79A15CAB-E4F6-0F72-1A6A-E37D1FBBB4F8} = {02EA681E-C7D8-13C7-8484-4AC65E1B71E8}
		{134C3811-E59D-4363-83FC-DF3003CAD2DC} = {6BDBCE3E-6A73-47D8-BA2D-5AE8EFAE1648}
		{4753DA03-9A13-4F74-BC30-C1787CE4E7A5} = {E27D814A-4D89-4A56-8D02-F122BCDED2C0}
		{A23D9E9F-4FAD-4704-98E2-B5D493299D8C} = {E27D814A-4D89-4A56-8D02-F122BCDED2C0}
		{677BCFEC-B55D-E52D-8DB0-0969AB117483} = {02EA681E-C7D8-13C7-8484-4AC65E1B71E8}
	EndGlobalSection
	GlobalSection(ExtensibilityGlobals) = postSolution
		SolutionGuid = {2B57DD60-9CBD-4DA7-BBA4-1562AEF476E3}
	EndGlobalSection
EndGlobal
